
Microsoft Visual Studio Solution File, Format Version 12.00
# Visual Studio Version 16
VisualStudioVersion = 16.0.30907.101
MinimumVisualStudioVersion = 10.0.40219.1
Project("{4AD52A7F-365F-49B1-8B11-36E3F408488E}") = "OneBot-Framework-Demo", "OneBot-Framework-Demo\OneBot-Framework-Demo.csproj", "{AD94F698-0595-469B-8ECE-4D4CD362D81A}"
EndProject
Project("{9A19103F-16F7-4668-BE54-9A1E7A4F7556}") = "OneBot-CommandRoute", "OneBot-CommandRoute\OneBot-CommandRoute.csproj", "{64442450-B821-4036-8993-3FC3FFE06CDE}"
EndProject
Project("{EE6532C9-9C4E-47DB-A487-9200572B7553}") = "OneBot-OpenTelemetry", "OneBot-OpenTelemetry\OneBot-OpenTelemetry.csproj", "{DD253E2B-F8D3-4893-91D4-4F9ACD89BB99}"
EndProject
Project("{2150E333-8FDC-42A3-9474-1A3956D46DE8}") = "Solution Items", "Solution Items", "{E1F29AC3-B85B-42F2-B535-71D7E401F034}"
	ProjectSection(SolutionItems) = preProject
		.editorconfig = .editorconfig
	EndProjectSection
EndProject
Project("{FAE04EC0-301F-11D3-BF4B-00C04F79EFBC}") = "OneBot-UnitTest", "OneBot-UnitTest\OneBot-UnitTest.csproj", "{0512F90F-18C2-4BFF-A1A3-3AD52F00EA51}"
EndProject
Global
	GlobalSection(SolutionConfigurationPlatforms) = preSolution
		Debug|Any CPU = Debug|Any CPU
		Release|Any CPU = Release|Any CPU
	EndGlobalSection
	GlobalSection(ProjectConfigurationPlatforms) = postSolution
		{AD94F698-0595-469B-8ECE-4D4CD362D81A}.Debug|Any CPU.ActiveCfg = Debug|Any CPU
		{AD94F698-0595-469B-8ECE-4D4CD362D81A}.Debug|Any CPU.Build.0 = Debug|Any CPU
		{AD94F698-0595-469B-8ECE-4D4CD362D81A}.Release|Any CPU.ActiveCfg = Release|Any CPU
		{AD94F698-0595-469B-8ECE-4D4CD362D81A}.Release|Any CPU.Build.0 = Release|Any CPU
		{64442450-B821-4036-8993-3FC3FFE06CDE}.Debug|Any CPU.ActiveCfg = Debug|Any CPU
		{64442450-B821-4036-8993-3FC3FFE06CDE}.Debug|Any CPU.Build.0 = Debug|Any CPU
		{64442450-B821-4036-8993-3FC3FFE06CDE}.Release|Any CPU.ActiveCfg = Release|Any CPU
		{64442450-B821-4036-8993-3FC3FFE06CDE}.Release|Any CPU.Build.0 = Release|Any CPU
		{0512F90F-18C2-4BFF-A1A3-3AD52F00EA51}.Debug|Any CPU.ActiveCfg = Debug|Any CPU
		{0512F90F-18C2-4BFF-A1A3-3AD52F00EA51}.Debug|Any CPU.Build.0 = Debug|Any CPU
		{0512F90F-18C2-4BFF-A1A3-3AD52F00EA51}.Release|Any CPU.ActiveCfg = Release|Any CPU
		{0512F90F-18C2-4BFF-A1A3-3AD52F00EA51}.Release|Any CPU.Build.0 = Release|Any CPU
		{DD253E2B-F8D3-4893-91D4-4F9ACD89BB99}.Debug|Any CPU.ActiveCfg = Debug|Any CPU
		{DD253E2B-F8D3-4893-91D4-4F9ACD89BB99}.Debug|Any CPU.Build.0 = Debug|Any CPU
		{DD253E2B-F8D3-4893-91D4-4F9ACD89BB99}.Release|Any CPU.ActiveCfg = Release|Any CPU
		{DD253E2B-F8D3-4893-91D4-4F9ACD89BB99}.Release|Any CPU.Build.0 = Release|Any CPU
	EndGlobalSection
	GlobalSection(SolutionProperties) = preSolution
		HideSolutionNode = FALSE
	EndGlobalSection
	GlobalSection(ExtensibilityGlobals) = postSolution
		SolutionGuid = {08C43C5D-0ADC-407A-8672-667C1DE72122}
	EndGlobalSection
EndGlobal
